{
  "requires": true,
  "lockfileVersion": 1,
  "dependencies": {
    "ngx-typeahead": {
      "version": "9.1.0",
      "resolved": "https://registry.npmjs.org/ngx-typeahead/-/ngx-typeahead-9.1.0.tgz",
      "integrity": "sha512-TCB2BTpFBA7zSaMA7Yu97+WFPt0zJiQzcqiBHumTz9joP7wWONOoBOB4TJeARe2e5cD6B5BsTbwX9P5tA1vMkQ==",
      "requires": {
        "tslib": "^1.10.0"
      }
    },
    "tslib": {
      "version": "1.13.0",
      "resolved": "https://registry.npmjs.org/tslib/-/tslib-1.13.0.tgz",
      "integrity": "sha512-i/6DQjL8Xf3be4K/E6Wgpekn5Qasl1usyw++dAA35Ue5orEn65VIxOA+YvNNl9HV3qv70T7CNwjODHZrLwvd1Q=="
    }
  }
}
